
Microsoft Visual Studio Solution File, Format Version 12.00
# Visual Studio Version 17
VisualStudioVersion = 17.10.35201.131
MinimumVisualStudioVersion = 10.0.40219.1
Project("{FAE04EC0-301F-11D3-BF4B-00C04F79EFBC}") = "AuthenticationProcess", "AuthenticationProcess\AuthenticationProcess.csproj", "{548FB436-A0F1-44EB-A342-6887467FA8BC}"
EndProject
Global
	GlobalSection(SolutionConfigurationPlatforms) = preSolution
		Debug|Any CPU = Debug|Any CPU
		Release|Any CPU = Release|Any CPU
	EndGlobalSection
	GlobalSection(ProjectConfigurationPlatforms) = postSolution
		{548FB436-A0F1-44EB-A342-6887467FA8BC}.Debug|Any CPU.ActiveCfg = Debug|Any CPU
		{548FB436-A0F1-44EB-A342-6887467FA8BC}.Debug|Any CPU.Build.0 = Debug|Any CPU
		{548FB436-A0F1-44EB-A342-6887467FA8BC}.Release|Any CPU.ActiveCfg = Release|Any CPU
		{548FB436-A0F1-44EB-A342-6887467FA8BC}.Release|Any CPU.Build.0 = Release|Any CPU
	EndGlobalSection
	GlobalSection(SolutionProperties) = preSolution
		HideSolutionNode = FALSE
	EndGlobalSection
	GlobalSection(ExtensibilityGlobals) = postSolution
		SolutionGuid = {A9D3081A-5993-4669-A6B1-06E6FA25FC96}
	EndGlobalSection
EndGlobal
